
Microsoft Visual Studio Solution File, Format Version 12.00
# Visual Studio 15
VisualStudioVersion = 15.0.28307.329
MinimumVisualStudioVersion = 10.0.40219.1
Project("{9A19103F-16F7-4668-BE54-9A1E7A4F7556}") = "SupermarketCheckout", "src\SupermarketCheckout\SupermarketCheckout.csproj", "{3E0B2DB4-C654-4394-AE36-E020D640ABA6}"
EndProject
Project("{2150E333-8FDC-42A3-9474-1A3956D46DE8}") = "src", "src", "{B535E2CD-7B26-464A-959E-9E51CAD8FBC3}"
EndProject
Project("{2150E333-8FDC-42A3-9474-1A3956D46DE8}") = "tests", "tests", "{0619874E-7832-4D3C-8534-D1155B70A90D}"
EndProject
Project("{FAE04EC0-301F-11D3-BF4B-00C04F79EFBC}") = "SupermarketCheckout.Tests", "SupermarketCheckout.Tests\SupermarketCheckout.Tests.csproj", "{5A010351-A2FA-4EF3-939F-1C89A3EC6F44}"
EndProject
Global
	GlobalSection(SolutionConfigurationPlatforms) = preSolution
		Debug|Any CPU = Debug|Any CPU
		Release|Any CPU = Release|Any CPU
	EndGlobalSection
	GlobalSection(ProjectConfigurationPlatforms) = postSolution
		{3E0B2DB4-C654-4394-AE36-E020D640ABA6}.Debug|Any CPU.ActiveCfg = Debug|Any CPU
		{3E0B2DB4-C654-4394-AE36-E020D640ABA6}.Debug|Any CPU.Build.0 = Debug|Any CPU
		{3E0B2DB4-C654-4394-AE36-E020D640ABA6}.Release|Any CPU.ActiveCfg = Release|Any CPU
		{3E0B2DB4-C654-4394-AE36-E020D640ABA6}.Release|Any CPU.Build.0 = Release|Any CPU
		{5A010351-A2FA-4EF3-939F-1C89A3EC6F44}.Debug|Any CPU.ActiveCfg = Debug|Any CPU
		{5A010351-A2FA-4EF3-939F-1C89A3EC6F44}.Debug|Any CPU.Build.0 = Debug|Any CPU
		{5A010351-A2FA-4EF3-939F-1C89A3EC6F44}.Release|Any CPU.ActiveCfg = Release|Any CPU
		{5A010351-A2FA-4EF3-939F-1C89A3EC6F44}.Release|Any CPU.Build.0 = Release|Any CPU
	EndGlobalSection
	GlobalSection(SolutionProperties) = preSolution
		HideSolutionNode = FALSE
	EndGlobalSection
	GlobalSection(NestedProjects) = preSolution
		{3E0B2DB4-C654-4394-AE36-E020D640ABA6} = {B535E2CD-7B26-464A-959E-9E51CAD8FBC3}
		{5A010351-A2FA-4EF3-939F-1C89A3EC6F44} = {0619874E-7832-4D3C-8534-D1155B70A90D}
	EndGlobalSection
	GlobalSection(ExtensibilityGlobals) = postSolution
		SolutionGuid = {4728D67A-6354-491C-9B5B-41862A7C14B1}
	EndGlobalSection
EndGlobal
